
Microsoft Visual Studio Solution File, Format Version 12.00
# Visual Studio 2017
Project("{FAE04EC0-301F-11D3-BF4B-00C04F79EFBC}") = "MyOwnBill", "MyOwnBill.csproj", "{A375D20C-F21A-3B20-E5D8-5EC518741BE5}"
EndProject
Project("{FAE04EC0-301F-11D3-BF4B-00C04F79EFBC}") = "MyOwnBill.Editor", "MyOwnBill.Editor.csproj", "{FF738787-F4B6-48EE-22DB-9A664E66719F}"
EndProject
Global
	GlobalSection(SolutionConfigurationPlatforms) = preSolution
		Debug|Any CPU = Debug|Any CPU
		Release|Any CPU = Release|Any CPU
	EndGlobalSection
	GlobalSection(ProjectConfigurationPlatforms) = postSolution
		{A375D20C-F21A-3B20-E5D8-5EC518741BE5}.Debug|Any CPU.ActiveCfg = Debug|Any CPU
		{A375D20C-F21A-3B20-E5D8-5EC518741BE5}.Debug|Any CPU.Build.0 = Debug|Any CPU
		{A375D20C-F21A-3B20-E5D8-5EC518741BE5}.Release|Any CPU.ActiveCfg = Release|Any CPU
		{A375D20C-F21A-3B20-E5D8-5EC518741BE5}.Release|Any CPU.Build.0 = Release|Any CPU
		{FF738787-F4B6-48EE-22DB-9A664E66719F}.Debug|Any CPU.ActiveCfg = Debug|Any CPU
		{FF738787-F4B6-48EE-22DB-9A664E66719F}.Debug|Any CPU.Build.0 = Debug|Any CPU
		{FF738787-F4B6-48EE-22DB-9A664E66719F}.Release|Any CPU.ActiveCfg = Release|Any CPU
		{FF738787-F4B6-48EE-22DB-9A664E66719F}.Release|Any CPU.Build.0 = Release|Any CPU
	EndGlobalSection
	GlobalSection(SolutionProperties) = preSolution
		HideSolutionNode = FALSE
	EndGlobalSection
EndGlobal
